
Microsoft Visual Studio Solution File, Format Version 12.00
# Visual Studio Version 18
VisualStudioVersion = 18.8.12023.21
MinimumVisualStudioVersion = 10.0.40219.1
Project("{FAE04EC0-301F-11D3-BF4B-00C04F79EFBC}") = "WorkSync.Application", "WorkSync.Application\WorkSync.Application.csproj", "{BA46B180-B684-CF85-FD09-F7318C693196}"
EndProject
Project("{FAE04EC0-301F-11D3-BF4B-00C04F79EFBC}") = "WorkSync.Domain", "WorkSync.Domain\WorkSync.Domain.csproj", "{84EAD0B6-6647-87C6-AC80-67E182F4D60D}"
EndProject
Project("{FAE04EC0-301F-11D3-BF4B-00C04F79EFBC}") = "WorkSync.Api", "WorkSync.Api\WorkSync.Api.csproj", "{3A3794D3-9728-4D65-11FE-BA9134CD9364}"
EndProject
Project("{FAE04EC0-301F-11D3-BF4B-00C04F79EFBC}") = "WorkSync.Infrastructure", "WorkSync.Infrastructure\WorkSync.Infrastructure.csproj", "{5803F53F-5F2C-A145-5BCD-DF3905C28114}"
EndProject
Global
	GlobalSection(SolutionConfigurationPlatforms) = preSolution
		Debug|Any CPU = Debug|Any CPU
		Release|Any CPU = Release|Any CPU
	EndGlobalSection
	GlobalSection(ProjectConfigurationPlatforms) = postSolution
		{BA46B180-B684-CF85-FD09-F7318C693196}.Debug|Any CPU.ActiveCfg = Debug|Any CPU
		{BA46B180-B684-CF85-FD09-F7318C693196}.Debug|Any CPU.Build.0 = Debug|Any CPU
		{BA46B180-B684-CF85-FD09-F7318C693196}.Release|Any CPU.ActiveCfg = Release|Any CPU
		{BA46B180-B684-CF85-FD09-F7318C693196}.Release|Any CPU.Build.0 = Release|Any CPU
		{84EAD0B6-6647-87C6-AC80-67E182F4D60D}.Debug|Any CPU.ActiveCfg = Debug|Any CPU
		{84EAD0B6-6647-87C6-AC80-67E182F4D60D}.Debug|Any CPU.Build.0 = Debug|Any CPU
		{84EAD0B6-6647-87C6-AC80-67E182F4D60D}.Release|Any CPU.ActiveCfg = Release|Any CPU
		{84EAD0B6-6647-87C6-AC80-67E182F4D60D}.Release|Any CPU.Build.0 = Release|Any CPU
		{3A3794D3-9728-4D65-11FE-BA9134CD9364}.Debug|Any CPU.ActiveCfg = Debug|Any CPU
		{3A3794D3-9728-4D65-11FE-BA9134CD9364}.Debug|Any CPU.Build.0 = Debug|Any CPU
		{3A3794D3-9728-4D65-11FE-BA9134CD9364}.Release|Any CPU.ActiveCfg = Release|Any CPU
		{3A3794D3-9728-4D65-11FE-BA9134CD9364}.Release|Any CPU.Build.0 = Release|Any CPU
		{5803F53F-5F2C-A145-5BCD-DF3905C28114}.Debug|Any CPU.ActiveCfg = Debug|Any CPU
		{5803F53F-5F2C-A145-5BCD-DF3905C28114}.Debug|Any CPU.Build.0 = Debug|Any CPU
		{5803F53F-5F2C-A145-5BCD-DF3905C28114}.Release|Any CPU.ActiveCfg = Release|Any CPU
		{5803F53F-5F2C-A145-5BCD-DF3905C28114}.Release|Any CPU.Build.0 = Release|Any CPU
	EndGlobalSection
	GlobalSection(SolutionProperties) = preSolution
		HideSolutionNode = FALSE
	EndGlobalSection
	GlobalSection(ExtensibilityGlobals) = postSolution
		SolutionGuid = {112B4324-FDDC-4ACD-B3C9-950B523F9B3B}
	EndGlobalSection
EndGlobal
